
Microsoft Visual Studio Solution File, Format Version 12.00
# Visual Studio Version 17
VisualStudioVersion = 17.0.31903.59
MinimumVisualStudioVersion = 10.0.40219.1
Project("{2150E333-8FDC-42A3-9474-1A3956D46DE8}") = "src", "src", "{5FDADBFE-037B-4182-86FA-6E4A421A8B61}"
EndProject
Project("{2150E333-8FDC-42A3-9474-1A3956D46DE8}") = "Common", "Common", "{E5472584-FCCE-4E88-B1B8-5EEE9AC9E021}"
EndProject
Project("{FAE04EC0-301F-11D3-BF4B-00C04F79EFBC}") = "JobTracker.Common.Application", "src\Common\JobTracker.Common.Application\JobTracker.Common.Application.csproj", "{473C0122-E9C8-4A77-A8DC-557456EEAB28}"
EndProject
Project("{FAE04EC0-301F-11D3-BF4B-00C04F79EFBC}") = "JobTracker.Common.Domain", "src\Common\JobTracker.Common.Domain\JobTracker.Common.Domain.csproj", "{6D3C6A7C-3D63-4CFF-8C62-DC0E4FC75C4D}"
EndProject
Project("{2150E333-8FDC-42A3-9474-1A3956D46DE8}") = "Modules", "Modules", "{3FE28183-F139-479D-90D8-FF0C482BAE5E}"
EndProject
Project("{2150E333-8FDC-42A3-9474-1A3956D46DE8}") = "Jobs", "Jobs", "{2B361B1B-CE7D-44B5-B77A-77149596DCAE}"
EndProject
Project("{FAE04EC0-301F-11D3-BF4B-00C04F79EFBC}") = "JobTracker.Modules.Jobs.Domain", "src\Modules\Jobs\JobTracker.Modules.Jobs.Domain\JobTracker.Modules.Jobs.Domain.csproj", "{683FCC42-50D4-4C89-BE91-B51D66ED804E}"
EndProject
Project("{FAE04EC0-301F-11D3-BF4B-00C04F79EFBC}") = "JobTracker.Modules.Jobs.Application", "src\Modules\Jobs\JobTracker.Modules.Jobs.Application\JobTracker.Modules.Jobs.Application.csproj", "{02F12C39-D64E-46F1-B151-28A32C27E00A}"
EndProject
Project("{2150E333-8FDC-42A3-9474-1A3956D46DE8}") = "tests", "tests", "{0BE3ED23-DD68-4347-B4AD-FFFDE4AB5CB6}"
EndProject
Project("{FAE04EC0-301F-11D3-BF4B-00C04F79EFBC}") = "JobTracker.Modules.Jobs.Domain.UnitTests", "tests\JobTracker.Modules.Jobs.Domain.UnitTests\JobTracker.Modules.Jobs.Domain.UnitTests.csproj", "{6DA9616C-AD47-4B62-9DFE-C6D0B455C09F}"
EndProject
Project("{FAE04EC0-301F-11D3-BF4B-00C04F79EFBC}") = "JobTracker.Modules.Jobs.Application.UnitTests", "tests\JobTracker.Modules.Jobs.Application.UnitTests\JobTracker.Modules.Jobs.Application.UnitTests.csproj", "{0F9188F8-0545-4BB3-9361-4ACCED02B5F7}"
EndProject
Project("{FAE04EC0-301F-11D3-BF4B-00C04F79EFBC}") = "JobTracker.ArchitectureTests", "tests\JobTracker.ArchitectureTests\JobTracker.ArchitectureTests.csproj", "{509BCA09-45F1-4D4B-A0C6-C7B443C0140A}"
EndProject
Project("{FAE04EC0-301F-11D3-BF4B-00C04F79EFBC}") = "JobTracker.Common.Infrastructure", "src\Common\JobTracker.Common.Infrastructure\JobTracker.Common.Infrastructure.csproj", "{BEC1D99A-DA50-495D-9E43-9FA74D97E4E1}"
EndProject
Project("{FAE04EC0-301F-11D3-BF4B-00C04F79EFBC}") = "JobTracker.Modules.Jobs.Infrastructure", "src\Modules\Jobs\JobTracker.Modules.Jobs.Infrastructure\JobTracker.Modules.Jobs.Infrastructure.csproj", "{306F2749-56E8-485B-B1F9-F1F33E374EED}"
EndProject
Project("{FAE04EC0-301F-11D3-BF4B-00C04F79EFBC}") = "JobTracker.IntegrationTests", "tests\JobTracker.IntegrationTests\JobTracker.IntegrationTests.csproj", "{112C4A8E-D15C-4A40-B0C4-AB5F05D70A40}"
EndProject
Project("{FAE04EC0-301F-11D3-BF4B-00C04F79EFBC}") = "JobTracker.Common.Presentation", "src\Common\JobTracker.Common.Presentation\JobTracker.Common.Presentation.csproj", "{BB0ACD23-A016-4E53-AE0A-01F330536BE4}"
EndProject
Project("{FAE04EC0-301F-11D3-BF4B-00C04F79EFBC}") = "JobTracker.Common.Presentation.UnitTests", "tests\JobTracker.Common.Presentation.UnitTests\JobTracker.Common.Presentation.UnitTests.csproj", "{F02806DB-B237-4843-A2DF-4A559CD4EDBC}"
EndProject
Project("{FAE04EC0-301F-11D3-BF4B-00C04F79EFBC}") = "JobTracker.Modules.Jobs.Presentation", "src\Modules\Jobs\JobTracker.Modules.Jobs.Presentation\JobTracker.Modules.Jobs.Presentation.csproj", "{7715388B-EE28-44F3-B624-245F28B050AF}"
EndProject
Project("{2150E333-8FDC-42A3-9474-1A3956D46DE8}") = "Api", "Api", "{49753BCA-7F8A-4829-8A1F-5D52EAE45E60}"
EndProject
Project("{FAE04EC0-301F-11D3-BF4B-00C04F79EFBC}") = "JobTracker.Api", "src\Api\JobTracker.Api\JobTracker.Api.csproj", "{0949376D-5ADC-402E-9E83-A632A614E6B8}"
EndProject
Project("{FAE04EC0-301F-11D3-BF4B-00C04F79EFBC}") = "JobTracker.Modules.Jobs.IntegrationEvents", "src\Modules\Jobs\JobTracker.Modules.Jobs.IntegrationEvents\JobTracker.Modules.Jobs.IntegrationEvents.csproj", "{FED7F781-EBC4-445D-8342-B63AF30D7D59}"
EndProject
Project("{2150E333-8FDC-42A3-9474-1A3956D46DE8}") = "Billing", "Billing", "{4689D932-D547-4A32-9D62-0B2B09C6C2AC}"
EndProject
Project("{FAE04EC0-301F-11D3-BF4B-00C04F79EFBC}") = "JobTracker.Modules.Billing.Domain", "src\Modules\Billing\JobTracker.Modules.Billing.Domain\JobTracker.Modules.Billing.Domain.csproj", "{AEB9459B-AAE1-4A81-9EC8-B862C6046539}"
EndProject
Project("{FAE04EC0-301F-11D3-BF4B-00C04F79EFBC}") = "JobTracker.Modules.Billing.Application", "src\Modules\Billing\JobTracker.Modules.Billing.Application\JobTracker.Modules.Billing.Application.csproj", "{AFEECD6D-1F84-43A1-AB8A-3DBE6EF36FBF}"
EndProject
Project("{FAE04EC0-301F-11D3-BF4B-00C04F79EFBC}") = "JobTracker.Modules.Billing.Infrastructure", "src\Modules\Billing\JobTracker.Modules.Billing.Infrastructure\JobTracker.Modules.Billing.Infrastructure.csproj", "{8460E574-F5DF-43ED-B32A-656742F77A09}"
EndProject
Project("{FAE04EC0-301F-11D3-BF4B-00C04F79EFBC}") = "JobTracker.Modules.Billing.UnitTests", "tests\JobTracker.Modules.Billing.UnitTests\JobTracker.Modules.Billing.UnitTests.csproj", "{9B34237C-A9DB-4444-AF45-0B1684771A56}"
EndProject
Global
	GlobalSection(SolutionConfigurationPlatforms) = preSolution
		Debug|Any CPU = Debug|Any CPU
		Release|Any CPU = Release|Any CPU
	EndGlobalSection
	GlobalSection(SolutionProperties) = preSolution
		HideSolutionNode = FALSE
	EndGlobalSection
	GlobalSection(ProjectConfigurationPlatforms) = postSolution
		{473C0122-E9C8-4A77-A8DC-557456EEAB28}.Debug|Any CPU.ActiveCfg = Debug|Any CPU
		{473C0122-E9C8-4A77-A8DC-557456EEAB28}.Debug|Any CPU.Build.0 = Debug|Any CPU
		{473C0122-E9C8-4A77-A8DC-557456EEAB28}.Release|Any CPU.ActiveCfg = Release|Any CPU
		{473C0122-E9C8-4A77-A8DC-557456EEAB28}.Release|Any CPU.Build.0 = Release|Any CPU
		{6D3C6A7C-3D63-4CFF-8C62-DC0E4FC75C4D}.Debug|Any CPU.ActiveCfg = Debug|Any CPU
		{6D3C6A7C-3D63-4CFF-8C62-DC0E4FC75C4D}.Debug|Any CPU.Build.0 = Debug|Any CPU
		{6D3C6A7C-3D63-4CFF-8C62-DC0E4FC75C4D}.Release|Any CPU.ActiveCfg = Release|Any CPU
		{6D3C6A7C-3D63-4CFF-8C62-DC0E4FC75C4D}.Release|Any CPU.Build.0 = Release|Any CPU
		{683FCC42-50D4-4C89-BE91-B51D66ED804E}.Debug|Any CPU.ActiveCfg = Debug|Any CPU
		{683FCC42-50D4-4C89-BE91-B51D66ED804E}.Debug|Any CPU.Build.0 = Debug|Any CPU
		{683FCC42-50D4-4C89-BE91-B51D66ED804E}.Release|Any CPU.ActiveCfg = Release|Any CPU
		{683FCC42-50D4-4C89-BE91-B51D66ED804E}.Release|Any CPU.Build.0 = Release|Any CPU
		{02F12C39-D64E-46F1-B151-28A32C27E00A}.Debug|Any CPU.ActiveCfg = Debug|Any CPU
		{02F12C39-D64E-46F1-B151-28A32C27E00A}.Debug|Any CPU.Build.0 = Debug|Any CPU
		{02F12C39-D64E-46F1-B151-28A32C27E00A}.Release|Any CPU.ActiveCfg = Release|Any CPU
		{02F12C39-D64E-46F1-B151-28A32C27E00A}.Release|Any CPU.Build.0 = Release|Any CPU
		{6DA9616C-AD47-4B62-9DFE-C6D0B455C09F}.Debug|Any CPU.ActiveCfg = Debug|Any CPU
		{6DA9616C-AD47-4B62-9DFE-C6D0B455C09F}.Debug|Any CPU.Build.0 = Debug|Any CPU
		{6DA9616C-AD47-4B62-9DFE-C6D0B455C09F}.Release|Any CPU.ActiveCfg = Release|Any CPU
		{6DA9616C-AD47-4B62-9DFE-C6D0B455C09F}.Release|Any CPU.Build.0 = Release|Any CPU
		{0F9188F8-0545-4BB3-9361-4ACCED02B5F7}.Debug|Any CPU.ActiveCfg = Debug|Any CPU
		{0F9188F8-0545-4BB3-9361-4ACCED02B5F7}.Debug|Any CPU.Build.0 = Debug|Any CPU
		{0F9188F8-0545-4BB3-9361-4ACCED02B5F7}.Release|Any CPU.ActiveCfg = Release|Any CPU
		{0F9188F8-0545-4BB3-9361-4ACCED02B5F7}.Release|Any CPU.Build.0 = Release|Any CPU
		{509BCA09-45F1-4D4B-A0C6-C7B443C0140A}.Debug|Any CPU.ActiveCfg = Debug|Any CPU
		{509BCA09-45F1-4D4B-A0C6-C7B443C0140A}.Debug|Any CPU.Build.0 = Debug|Any CPU
		{509BCA09-45F1-4D4B-A0C6-C7B443C0140A}.Release|Any CPU.ActiveCfg = Release|Any CPU
		{509BCA09-45F1-4D4B-A0C6-C7B443C0140A}.Release|Any CPU.Build.0 = Release|Any CPU
		{BEC1D99A-DA50-495D-9E43-9FA74D97E4E1}.Debug|Any CPU.ActiveCfg = Debug|Any CPU
		{BEC1D99A-DA50-495D-9E43-9FA74D97E4E1}.Debug|Any CPU.Build.0 = Debug|Any CPU
		{BEC1D99A-DA50-495D-9E43-9FA74D97E4E1}.Release|Any CPU.ActiveCfg = Release|Any CPU
		{BEC1D99A-DA50-495D-9E43-9FA74D97E4E1}.Release|Any CPU.Build.0 = Release|Any CPU
		{306F2749-56E8-485B-B1F9-F1F33E374EED}.Debug|Any CPU.ActiveCfg = Debug|Any CPU
		{306F2749-56E8-485B-B1F9-F1F33E374EED}.Debug|Any CPU.Build.0 = Debug|Any CPU
		{306F2749-56E8-485B-B1F9-F1F33E374EED}.Release|Any CPU.ActiveCfg = Release|Any CPU
		{306F2749-56E8-485B-B1F9-F1F33E374EED}.Release|Any CPU.Build.0 = Release|Any CPU
		{112C4A8E-D15C-4A40-B0C4-AB5F05D70A40}.Debug|Any CPU.ActiveCfg = Debug|Any CPU
		{112C4A8E-D15C-4A40-B0C4-AB5F05D70A40}.Debug|Any CPU.Build.0 = Debug|Any CPU
		{112C4A8E-D15C-4A40-B0C4-AB5F05D70A40}.Release|Any CPU.ActiveCfg = Release|Any CPU
		{112C4A8E-D15C-4A40-B0C4-AB5F05D70A40}.Release|Any CPU.Build.0 = Release|Any CPU
		{BB0ACD23-A016-4E53-AE0A-01F330536BE4}.Debug|Any CPU.ActiveCfg = Debug|Any CPU
		{BB0ACD23-A016-4E53-AE0A-01F330536BE4}.Debug|Any CPU.Build.0 = Debug|Any CPU
		{BB0ACD23-A016-4E53-AE0A-01F330536BE4}.Release|Any CPU.ActiveCfg = Release|Any CPU
		{BB0ACD23-A016-4E53-AE0A-01F330536BE4}.Release|Any CPU.Build.0 = Release|Any CPU
		{F02806DB-B237-4843-A2DF-4A559CD4EDBC}.Debug|Any CPU.ActiveCfg = Debug|Any CPU
		{F02806DB-B237-4843-A2DF-4A559CD4EDBC}.Debug|Any CPU.Build.0 = Debug|Any CPU
		{F02806DB-B237-4843-A2DF-4A559CD4EDBC}.Release|Any CPU.ActiveCfg = Release|Any CPU
		{F02806DB-B237-4843-A2DF-4A559CD4EDBC}.Release|Any CPU.Build.0 = Release|Any CPU
		{7715388B-EE28-44F3-B624-245F28B050AF}.Debug|Any CPU.ActiveCfg = Debug|Any CPU
		{7715388B-EE28-44F3-B624-245F28B050AF}.Debug|Any CPU.Build.0 = Debug|Any CPU
		{7715388B-EE28-44F3-B624-245F28B050AF}.Release|Any CPU.ActiveCfg = Release|Any CPU
		{7715388B-EE28-44F3-B624-245F28B050AF}.Release|Any CPU.Build.0 = Release|Any CPU
		{0949376D-5ADC-402E-9E83-A632A614E6B8}.Debug|Any CPU.ActiveCfg = Debug|Any CPU
		{0949376D-5ADC-402E-9E83-A632A614E6B8}.Debug|Any CPU.Build.0 = Debug|Any CPU
		{0949376D-5ADC-402E-9E83-A632A614E6B8}.Release|Any CPU.ActiveCfg = Release|Any CPU
		{0949376D-5ADC-402E-9E83-A632A614E6B8}.Release|Any CPU.Build.0 = Release|Any CPU
		{FED7F781-EBC4-445D-8342-B63AF30D7D59}.Debug|Any CPU.ActiveCfg = Debug|Any CPU
		{FED7F781-EBC4-445D-8342-B63AF30D7D59}.Debug|Any CPU.Build.0 = Debug|Any CPU
		{FED7F781-EBC4-445D-8342-B63AF30D7D59}.Release|Any CPU.ActiveCfg = Release|Any CPU
		{FED7F781-EBC4-445D-8342-B63AF30D7D59}.Release|Any CPU.Build.0 = Release|Any CPU
		{AEB9459B-AAE1-4A81-9EC8-B862C6046539}.Debug|Any CPU.ActiveCfg = Debug|Any CPU
		{AEB9459B-AAE1-4A81-9EC8-B862C6046539}.Debug|Any CPU.Build.0 = Debug|Any CPU
		{AEB9459B-AAE1-4A81-9EC8-B862C6046539}.Release|Any CPU.ActiveCfg = Release|Any CPU
		{AEB9459B-AAE1-4A81-9EC8-B862C6046539}.Release|Any CPU.Build.0 = Release|Any CPU
		{AFEECD6D-1F84-43A1-AB8A-3DBE6EF36FBF}.Debug|Any CPU.ActiveCfg = Debug|Any CPU
		{AFEECD6D-1F84-43A1-AB8A-3DBE6EF36FBF}.Debug|Any CPU.Build.0 = Debug|Any CPU
		{AFEECD6D-1F84-43A1-AB8A-3DBE6EF36FBF}.Release|Any CPU.ActiveCfg = Release|Any CPU
		{AFEECD6D-1F84-43A1-AB8A-3DBE6EF36FBF}.Release|Any CPU.Build.0 = Release|Any CPU
		{8460E574-F5DF-43ED-B32A-656742F77A09}.Debug|Any CPU.ActiveCfg = Debug|Any CPU
		{8460E574-F5DF-43ED-B32A-656742F77A09}.Debug|Any CPU.Build.0 = Debug|Any CPU
		{8460E574-F5DF-43ED-B32A-656742F77A09}.Release|Any CPU.ActiveCfg = Release|Any CPU
		{8460E574-F5DF-43ED-B32A-656742F77A09}.Release|Any CPU.Build.0 = Release|Any CPU
		{9B34237C-A9DB-4444-AF45-0B1684771A56}.Debug|Any CPU.ActiveCfg = Debug|Any CPU
		{9B34237C-A9DB-4444-AF45-0B1684771A56}.Debug|Any CPU.Build.0 = Debug|Any CPU
		{9B34237C-A9DB-4444-AF45-0B1684771A56}.Release|Any CPU.ActiveCfg = Release|Any CPU
		{9B34237C-A9DB-4444-AF45-0B1684771A56}.Release|Any CPU.Build.0 = Release|Any CPU
	EndGlobalSection
	GlobalSection(NestedProjects) = preSolution
		{E5472584-FCCE-4E88-B1B8-5EEE9AC9E021} = {5FDADBFE-037B-4182-86FA-6E4A421A8B61}
		{473C0122-E9C8-4A77-A8DC-557456EEAB28} = {E5472584-FCCE-4E88-B1B8-5EEE9AC9E021}
		{6D3C6A7C-3D63-4CFF-8C62-DC0E4FC75C4D} = {E5472584-FCCE-4E88-B1B8-5EEE9AC9E021}
		{3FE28183-F139-479D-90D8-FF0C482BAE5E} = {5FDADBFE-037B-4182-86FA-6E4A421A8B61}
		{2B361B1B-CE7D-44B5-B77A-77149596DCAE} = {3FE28183-F139-479D-90D8-FF0C482BAE5E}
		{683FCC42-50D4-4C89-BE91-B51D66ED804E} = {2B361B1B-CE7D-44B5-B77A-77149596DCAE}
		{02F12C39-D64E-46F1-B151-28A32C27E00A} = {2B361B1B-CE7D-44B5-B77A-77149596DCAE}
		{6DA9616C-AD47-4B62-9DFE-C6D0B455C09F} = {0BE3ED23-DD68-4347-B4AD-FFFDE4AB5CB6}
		{0F9188F8-0545-4BB3-9361-4ACCED02B5F7} = {0BE3ED23-DD68-4347-B4AD-FFFDE4AB5CB6}
		{509BCA09-45F1-4D4B-A0C6-C7B443C0140A} = {0BE3ED23-DD68-4347-B4AD-FFFDE4AB5CB6}
		{BEC1D99A-DA50-495D-9E43-9FA74D97E4E1} = {E5472584-FCCE-4E88-B1B8-5EEE9AC9E021}
		{306F2749-56E8-485B-B1F9-F1F33E374EED} = {2B361B1B-CE7D-44B5-B77A-77149596DCAE}
		{112C4A8E-D15C-4A40-B0C4-AB5F05D70A40} = {0BE3ED23-DD68-4347-B4AD-FFFDE4AB5CB6}
		{BB0ACD23-A016-4E53-AE0A-01F330536BE4} = {E5472584-FCCE-4E88-B1B8-5EEE9AC9E021}
		{F02806DB-B237-4843-A2DF-4A559CD4EDBC} = {0BE3ED23-DD68-4347-B4AD-FFFDE4AB5CB6}
		{7715388B-EE28-44F3-B624-245F28B050AF} = {2B361B1B-CE7D-44B5-B77A-77149596DCAE}
		{49753BCA-7F8A-4829-8A1F-5D52EAE45E60} = {5FDADBFE-037B-4182-86FA-6E4A421A8B61}
		{0949376D-5ADC-402E-9E83-A632A614E6B8} = {49753BCA-7F8A-4829-8A1F-5D52EAE45E60}
		{FED7F781-EBC4-445D-8342-B63AF30D7D59} = {2B361B1B-CE7D-44B5-B77A-77149596DCAE}
		{4689D932-D547-4A32-9D62-0B2B09C6C2AC} = {3FE28183-F139-479D-90D8-FF0C482BAE5E}
		{AEB9459B-AAE1-4A81-9EC8-B862C6046539} = {4689D932-D547-4A32-9D62-0B2B09C6C2AC}
		{AFEECD6D-1F84-43A1-AB8A-3DBE6EF36FBF} = {4689D932-D547-4A32-9D62-0B2B09C6C2AC}
		{8460E574-F5DF-43ED-B32A-656742F77A09} = {4689D932-D547-4A32-9D62-0B2B09C6C2AC}
		{9B34237C-A9DB-4444-AF45-0B1684771A56} = {0BE3ED23-DD68-4347-B4AD-FFFDE4AB5CB6}
	EndGlobalSection
EndGlobal
